// !$*UTF8*$!
{
	archiveVersion = 1;
	classes = {
	};
	objectVersion = 46;
	objects = {

/* Begin PBXBuildFile section */
		372B6BD01D662FD200E9945B /* AppDelegate.swift in Sources */ = {isa = PBXBuildFile; fileRef = 372B6BCF1D662FD200E9945B /* AppDelegate.swift */; };
		372B6BD21D662FD200E9945B /* ViewController.swift in Sources */ = {isa = PBXBuildFile; fileRef = 372B6BD11D662FD200E9945B /* ViewController.swift */; };
		372B6BD51D662FD200E9945B /* Main.storyboard in Resources */ = {isa = PBXBuildFile; fileRef = 372B6BD31D662FD200E9945B /* Main.storyboard */; };
		372B6BD81D662FD200E9945B /* ToDo.xcdatamodeld in Sources */ = {isa = PBXBuildFile; fileRef = 372B6BD61D662FD200E9945B /* ToDo.xcdatamodeld */; };
		372B6BDA1D662FD200E9945B /* Assets.xcassets in Resources */ = {isa = PBXBuildFile; fileRef = 372B6BD91D662FD200E9945B /* Assets.xcassets */; };
		372B6BDD1D662FD200E9945B /* LaunchScreen.storyboard in Resources */ = {isa = PBXBuildFile; fileRef = 372B6BDB1D662FD200E9945B /* LaunchScreen.storyboard */; };
		3751EB6D1D6682630054D56E /* TaskTableViewCell.swift in Sources */ = {isa = PBXBuildFile; fileRef = 3751EB6C1D6682630054D56E /* TaskTableViewCell.swift */; };
		3751EB6F1D6682AD0054D56E /* TasksTableViewController.swift in Sources */ = {isa = PBXBuildFile; fileRef = 3751EB6E1D6682AD0054D56E /* TasksTableViewController.swift */; };
		3751EB711D6683F90054D56E /* TaskManager.swift in Sources */ = {isa = PBXBuildFile; fileRef = 3751EB701D6683F90054D56E /* TaskManager.swift */; };
		3751EB751D668A400054D56E /* NewTaskViewController.swift in Sources */ = {isa = PBXBuildFile; fileRef = 3751EB741D668A400054D56E /* NewTaskViewController.swift */; };
/* End PBXBuildFile section */

/* Begin PBXFileReference section */
		372B6BCC1D662FD200E9945B /* ToDo.app */ = {isa = PBXFileReference; explicitFileType = wrapper.application; includeInIndex = 0; path = ToDo.app; sourceTree = BUILT_PRODUCTS_DIR; };
		372B6BCF1D662FD200E9945B /* AppDelegate.swift */ = {isa = PBXFileReference; lastKnownFileType = sourcecode.swift; path = AppDelegate.swift; sourceTree = "<group>"; };
		372B6BD11D662FD200E9945B /* ViewController.swift */ = {isa = PBXFileReference; lastKnownFileType = sourcecode.swift; path = ViewController.swift; sourceTree = "<group>"; };
		372B6BD41D662FD200E9945B /* Base */ = {isa = PBXFileReference; lastKnownFileType = file.storyboard; name = Base; path = Base.lproj/Main.storyboard; sourceTree = "<group>"; };
		372B6BD71D662FD200E9945B /* ToDo.xcdatamodel */ = {isa = PBXFileReference; lastKnownFileType = wrapper.xcdatamodel; path = ToDo.xcdatamodel; sourceTree = "<group>"; };
		372B6BD91D662FD200E9945B /* Assets.xcassets */ = {isa = PBXFileReference; lastKnownFileType = folder.assetcatalog; path = Assets.xcassets; sourceTree = "<group>"; };
		372B6BDC1D662FD200E9945B /* Base */ = {isa = PBXFileReference; lastKnownFileType = file.storyboard; name = Base; path = Base.lproj/LaunchScreen.storyboard; sourceTree = "<group>"; };
		372B6BDE1D662FD200E9945B /* Info.plist */ = {isa = PBXFileReference; lastKnownFileType = text.plist.xml; path = Info.plist; sourceTree = "<group>"; };
		3751EB6C1D6682630054D56E /* TaskTableViewCell.swift */ = {isa = PBXFileReference; fileEncoding = 4; lastKnownFileType = sourcecode.swift; path = TaskTableViewCell.swift; sourceTree = "<group>"; };
		3751EB6E1D6682AD0054D56E /* TasksTableViewController.swift */ = {isa = PBXFileReference; fileEncoding = 4; lastKnownFileType = sourcecode.swift; path = TasksTableViewController.swift; sourceTree = "<group>"; };
		3751EB701D6683F90054D56E /* TaskManager.swift */ = {isa = PBXFileReference; fileEncoding = 4; lastKnownFileType = sourcecode.swift; path = TaskManager.swift; sourceTree = "<group>"; };
		3751EB741D668A400054D56E /* NewTaskViewController.swift */ = {isa = PBXFileReference; fileEncoding = 4; lastKnownFileType = sourcecode.swift; name = NewTaskViewController.swift; path = ../NewTaskViewController.swift; sourceTree = "<group>"; };
/* End PBXFileReference section */

/* Begin PBXFrameworksBuildPhase section */
		372B6BC91D662FD200E9945B /* Frameworks */ = {
			isa = PBXFrameworksBuildPhase;
			buildActionMask = 2147483647;
			files = (
			);
			runOnlyForDeploymentPostprocessing = 0;
		};
/* End PBXFrameworksBuildPhase section */

/* Begin PBXGroup section */
		371B2ED21D6785FF00366F42 /* Model */ = {
			isa = PBXGroup;
			children = (
				3751EB701D6683F90054D56E /* TaskManager.swift */,
			);
			name = Model;
			sourceTree = "<group>";
		};
		371B2ED31D67861100366F42 /* Controller */ = {
			isa = PBXGroup;
			children = (
				3751EB741D668A400054D56E /* NewTaskViewController.swift */,
				372B6BD11D662FD200E9945B /* ViewController.swift */,
				3751EB6C1D6682630054D56E /* TaskTableViewCell.swift */,
				3751EB6E1D6682AD0054D56E /* TasksTableViewController.swift */,
			);
			name = Controller;
			sourceTree = "<group>";
		};
		371B2ED41D67862400366F42 /* View */ = {
			isa = PBXGroup;
			children = (
				372B6BD31D662FD200E9945B /* Main.storyboard */,
				372B6BDB1D662FD200E9945B /* LaunchScreen.storyboard */,
			);
			name = View;
			sourceTree = "<group>";
		};
		372B6BC31D662FD200E9945B = {
			isa = PBXGroup;
			children = (
				372B6BCE1D662FD200E9945B /* ToDo */,
				372B6BCD1D662FD200E9945B /* Products */,
			);
			sourceTree = "<group>";
		};
		372B6BCD1D662FD200E9945B /* Products */ = {
			isa = PBXGroup;
			children = (
				372B6BCC1D662FD200E9945B /* ToDo.app */,
			);
			name = Products;
			sourceTree = "<group>";
		};
		372B6BCE1D662FD200E9945B /* ToDo */ = {
			isa = PBXGroup;
			children = (
				371B2ED41D67862400366F42 /* View */,
				371B2ED31D67861100366F42 /* Controller */,
				371B2ED21D6785FF00366F42 /* Model */,
				372B6BCF1D662FD200E9945B /* AppDelegate.swift */,
				372B6BD91D662FD200E9945B /* Assets.xcassets */,
				372B6BDE1D662FD200E9945B /* Info.plist */,
				372B6BD61D662FD200E9945B /* ToDo.xcdatamodeld */,
			);
			path = ToDo;
			sourceTree = "<group>";
		};
/* End PBXGroup section */

/* Begin PBXNativeTarget section */
		372B6BCB1D662FD200E9945B /* ToDo */ = {
			isa = PBXNativeTarget;
			buildConfigurationList = 372B6BE11D662FD200E9945B /* Build configuration list for PBXNativeTarget "ToDo" */;
			buildPhases = (
				372B6BC81D662FD200E9945B /* Sources */,
				372B6BC91D662FD200E9945B /* Frameworks */,
				372B6BCA1D662FD200E9945B /* Resources */,
			);
			buildRules = (
			);
			dependencies = (
			);
			name = ToDo;
			productName = ToDo;
			productReference = 372B6BCC1D662FD200E9945B /* ToDo.app */;
			productType = "com.apple.product-type.application";
		};
/* End PBXNativeTarget section */

/* Begin PBXProject section */
		372B6BC41D662FD200E9945B /* Project object */ = {
			isa = PBXProject;
			attributes = {
				LastSwiftUpdateCheck = 0730;
				LastUpgradeCheck = 0730;
				ORGANIZATIONNAME = "Gregory Mendes";
				TargetAttributes = {
					372B6BCB1D662FD200E9945B = {
						CreatedOnToolsVersion = 7.3.1;
					};
				};
			};
			buildConfigurationList = 372B6BC71D662FD200E9945B /* Build configuration list for PBXProject "ToDo" */;
			compatibilityVersion = "Xcode 3.2";
			developmentRegion = English;
			hasScannedForEncodings = 0;
			knownRegions = (
				en,
				Base,
			);
			mainGroup = 372B6BC31D662FD200E9945B;
			productRefGroup = 372B6BCD1D662FD200E9945B /* Products */;
			projectDirPath = "";
			projectRoot = "";
			targets = (
				372B6BCB1D662FD200E9945B /* ToDo */,
			);
		};
/* End PBXProject section */

/* Begin PBXResourcesBuildPhase section */
		372B6BCA1D662FD200E9945B /* Resources */ = {
			isa = PBXResourcesBuildPhase;
			buildActionMask = 2147483647;
			files = (
				372B6BDD1D662FD200E9945B /* LaunchScreen.storyboard in Resources */,
				372B6BDA1D662FD200E9945B /* Assets.xcassets in Resources */,
				372B6BD51D662FD200E9945B /* Main.storyboard in Resources */,
			);
			runOnlyForDeploymentPostprocessing = 0;
		};
/* End PBXResourcesBuildPhase section */

/* Begin PBXSourcesBuildPhase section */
		372B6BC81D662FD200E9945B /* Sources */ = {
			isa = PBXSourcesBuildPhase;
			buildActionMask = 2147483647;
			files = (
				3751EB711D6683F90054D56E /* TaskManager.swift in Sources */,
				3751EB751D668A400054D56E /* NewTaskViewController.swift in Sources */,
				3751EB6D1D6682630054D56E /* TaskTableViewCell.swift in Sources */,
				3751EB6F1D6682AD0054D56E /* TasksTableViewController.swift in Sources */,
				372B6BD21D662FD200E9945B /* ViewController.swift in Sources */,
				372B6BD81D662FD200E9945B /* ToDo.xcdatamodeld in Sources */,
				372B6BD01D662FD200E9945B /* AppDelegate.swift in Sources */,
			);
			runOnlyForDeploymentPostprocessing = 0;
		};
/* End PBXSourcesBuildPhase section */

/* Begin PBXVariantGroup section */
		372B6BD31D662FD200E9945B /* Main.storyboard */ = {
			isa = PBXVariantGroup;
			children = (
				372B6BD41D662FD200E9945B /* Base */,
			);
			name = Main.storyboard;
			sourceTree = "<group>";
		};
		372B6BDB1D662FD200E9945B /* LaunchScreen.storyboard */ = {
			isa = PBXVariantGroup;
			children = (
				372B6BDC1D662FD200E9945B /* Base */,
			);
			name = LaunchScreen.storyboard;
			sourceTree = "<group>";
		};
/* End PBXVariantGroup section */

/* Begin XCBuildConfiguration section */
		372B6BDF1D662FD200E9945B /* Debug */ = {
			isa = XCBuildConfiguration;
			buildSettings = {
				ALWAYS_SEARCH_USER_PATHS = NO;
				CLANG_ANALYZER_NONNULL = YES;
				CLANG_CXX_LANGUAGE_STANDARD = "gnu++0x";
				CLANG_CXX_LIBRARY = "libc++";
				CLANG_ENABLE_MODULES = YES;
				CLANG_ENABLE_OBJC_ARC = YES;
				CLANG_WARN_BOOL_CONVERSION = YES;
				CLANG_WARN_CONSTANT_CONVERSION = YES;
				CLANG_WARN_DIRECT_OBJC_ISA_USAGE = YES_ERROR;
				CLANG_WARN_EMPTY_BODY = YES;
				CLANG_WARN_ENUM_CONVERSION = YES;
				CLANG_WARN_INT_CONVERSION = YES;
				CLANG_WARN_OBJC_ROOT_CLASS = YES_ERROR;
				CLANG_WARN_UNREACHABLE_CODE = YES;
				CLANG_WARN__DUPLICATE_METHOD_MATCH = YES;
				"CODE_SIGN_IDENTITY[sdk=iphoneos*]" = "iPhone Developer";
				COPY_PHASE_STRIP = NO;
				DEBUG_INFORMATION_FORMAT = dwarf;
				ENABLE_STRICT_OBJC_MSGSEND = YES;
				ENABLE_TESTABILITY = YES;
				GCC_C_LANGUAGE_STANDARD = gnu99;
				GCC_DYNAMIC_NO_PIC = NO;
				GCC_NO_COMMON_BLOCKS = YES;
				GCC_OPTIMIZATION_LEVEL = 0;
				GCC_PREPROCESSOR_DEFINITIONS = (
					"DEBUG=1",
					"$(inherited)",
				);
				GCC_WARN_64_TO_32_BIT_CONVERSION = YES;
				GCC_WARN_ABOUT_RETURN_TYPE = YES_ERROR;
				GCC_WARN_UNDECLARED_SELECTOR = YES;
				GCC_WARN_UNINITIALIZED_AUTOS = YES_AGGRESSIVE;
				GCC_WARN_UNUSED_FUNCTION = YES;
				GCC_WARN_UNUSED_VARIABLE = YES;
				IPHONEOS_DEPLOYMENT_TARGET = 9.3;
				MTL_ENABLE_DEBUG_INFO = YES;
				ONLY_ACTIVE_ARCH = YES;
				SDKROOT = iphoneos;
				SWIFT_OPTIMIZATION_LEVEL = "-Onone";
			};
			name = Debug;
		};
		372B6BE01D662FD200E9945B /* Release */ = {
			isa = XCBuildConfiguration;
			buildSettings = {
				ALWAYS_SEARCH_USER_PATHS = NO;
				CLANG_ANALYZER_NONNULL = YES;
				CLANG_CXX_LANGUAGE_STANDARD = "gnu++0x";
				CLANG_CXX_LIBRARY = "libc++";
				CLANG_ENABLE_MODULES = YES;
				CLANG_ENABLE_OBJC_ARC = YES;
				CLANG_WARN_BOOL_CONVERSION = YES;
				CLANG_WARN_CONSTANT_CONVERSION = YES;
				CLANG_WARN_DIRECT_OBJC_ISA_USAGE = YES_ERROR;
				CLANG_WARN_EMPTY_BODY = YES;
				CLANG_WARN_ENUM_CONVERSION = YES;
				CLANG_WARN_INT_CONVERSION = YES;
				CLANG_WARN_OBJC_ROOT_CLASS = YES_ERROR;
				CLANG_WARN_UNREACHABLE_CODE = YES;
				CLANG_WARN__DUPLICATE_METHOD_MATCH = YES;
				"CODE_SIGN_IDENTITY[sdk=iphoneos*]" = "iPhone Developer";
				COPY_PHASE_STRIP = NO;
				DEBUG_INFORMATION_FORMAT = "dwarf-with-dsym";
				ENABLE_NS_ASSERTIONS = NO;
				ENABLE_STRICT_OBJC_MSGSEND = YES;
				GCC_C_LANGUAGE_STANDARD = gnu99;
				GCC_NO_COMMON_BLOCKS = YES;
				GCC_WARN_64_TO_32_BIT_CONVERSION = YES;
				GCC_WARN_ABOUT_RETURN_TYPE = YES_ERROR;
				GCC_WARN_UNDECLARED_SELECTOR = YES;
				GCC_WARN_UNINITIALIZED_AUTOS = YES_AGGRESSIVE;
				GCC_WARN_UNUSED_FUNCTION = YES;
				GCC_WARN_UNUSED_VARIABLE = YES;
				IPHONEOS_DEPLOYMENT_TARGET = 9.3;
				MTL_ENABLE_DEBUG_INFO = NO;
				SDKROOT = iphoneos;
				VALIDATE_PRODUCT = YES;
			};
			name = Release;
		};
		372B6BE21D662FD200E9945B /* Debug */ = {
			isa = XCBuildConfiguration;
			buildSettings = {
				ASSETCATALOG_COMPILER_APPICON_NAME = AppIcon;
				INFOPLIST_FILE = ToDo/Info.plist;
				LD_RUNPATH_SEARCH_PATHS = "$(inherited) @executable_path/Frameworks";
				PRODUCT_BUNDLE_IDENTIFIER = gregorymendes.ToDo;
				PRODUCT_NAME = "$(TARGET_NAME)";
			};
			name = Debug;
		};
		372B6BE31D662FD200E9945B /* Release */ = {
			isa = XCBuildConfiguration;
			buildSettings = {
				ASSETCATALOG_COMPILER_APPICON_NAME = AppIcon;
				INFOPLIST_FILE = ToDo/Info.plist;
				LD_RUNPATH_SEARCH_PATHS = "$(inherited) @executable_path/Frameworks";
				PRODUCT_BUNDLE_IDENTIFIER = gregorymendes.ToDo;
				PRODUCT_NAME = "$(TARGET_NAME)";
			};
			name = Release;
		};
/* End XCBuildConfiguration section */

/* Begin XCConfigurationList section */
		372B6BC71D662FD200E9945B /* Build configuration list for PBXProject "ToDo" */ = {
			isa = XCConfigurationList;
			buildConfigurations = (
				372B6BDF1D662FD200E9945B /* Debug */,
				372B6BE01D662FD200E9945B /* Release */,
			);
			defaultConfigurationIsVisible = 0;
			defaultConfigurationName = Release;
		};
		372B6BE11D662FD200E9945B /* Build configuration list for PBXNativeTarget "ToDo" */ = {
			isa = XCConfigurationList;
			buildConfigurations = (
				372B6BE21D662FD200E9945B /* Debug */,
				372B6BE31D662FD200E9945B /* Release */,
			);
			defaultConfigurationIsVisible = 0;
			defaultConfigurationName = Release;
		};
/* End XCConfigurationList section */

/* Begin XCVersionGroup section */
		372B6BD61D662FD200E9945B /* ToDo.xcdatamodeld */ = {
			isa = XCVersionGroup;
			children = (
				372B6BD71D662FD200E9945B /* ToDo.xcdatamodel */,
			);
			currentVersion = 372B6BD71D662FD200E9945B /* ToDo.xcdatamodel */;
			path = ToDo.xcdatamodeld;
			sourceTree = "<group>";
			versionGroupType = wrapper.xcdatamodel;
		};
/* End XCVersionGroup section */
	};
	rootObject = 372B6BC41D662FD200E9945B /* Project object */;
}
